{
  "nodes": {
    "devshell": {
      "inputs": {
        "nixpkgs": [
          "rebmit",
          "nixpkgs"
        ]
      },
      "locked": {
        "lastModified": 1768818222,
        "narHash": "sha256-460jc0+CZfyaO8+w8JNtlClB2n4ui1RbHfPTLkpwhU8=",
        "owner": "numtide",
        "repo": "devshell",
        "rev": "255a2b1725a20d060f566e4755dbf571bbbb5f76",
        "type": "github"
      },
      "original": {
        "owner": "numtide",
        "repo": "devshell",
        "type": "github"
      }
    },
    "flake-compat": {
      "flake": false,
      "locked": {
        "lastModified": 1767039857,
        "narHash": "sha256-vNpUSpF5Nuw8xvDLj2KCwwksIbjua2LZCqhV1LNRDns=",
        "owner": "edolstra",
        "repo": "flake-compat",
        "rev": "5edf11c44bc78a0d334f6334cdaf7d60d732daab",
        "type": "github"
      },
      "original": {
        "owner": "edolstra",
        "repo": "flake-compat",
        "type": "github"
      }
    },
    "flake-parts": {
      "inputs": {
        "nixpkgs-lib": [
          "rebmit",
          "nixpkgs"
        ]
      },
      "locked": {
        "lastModified": 1768135262,
        "narHash": "sha256-PVvu7OqHBGWN16zSi6tEmPwwHQ4rLPU9Plvs8/1TUBY=",
        "owner": "hercules-ci",
        "repo": "flake-parts",
        "rev": "80daad04eddbbf5a4d883996a73f3f542fa437ac",
        "type": "github"
      },
      "original": {
        "owner": "hercules-ci",
        "repo": "flake-parts",
        "type": "github"
      }
    },
    "git-hooks-nix": {
      "inputs": {
        "flake-compat": [
          "flake-compat"
        ],
        "gitignore": [
          "gitignore-nix"
        ],
        "nixpkgs": [
          "rebmit",
          "nixpkgs"
        ]
      },
      "locked": {
        "lastModified": 1769069492,
        "narHash": "sha256-Efs3VUPelRduf3PpfPP2ovEB4CXT7vHf8W+xc49RL/U=",
        "owner": "cachix",
        "repo": "git-hooks.nix",
        "rev": "a1ef738813b15cf8ec759bdff5761b027e3e1d23",
        "type": "github"
      },
      "original": {
        "owner": "cachix",
        "repo": "git-hooks.nix",
        "type": "github"
      }
    },
    "gitignore-nix": {
      "inputs": {
        "nixpkgs": [
          "rebmit",
          "nixpkgs"
        ]
      },
      "locked": {
        "lastModified": 1762808025,
        "narHash": "sha256-XmjITeZNMTQXGhhww6ed/Wacy2KzD6svioyCX7pkUu4=",
        "owner": "hercules-ci",
        "repo": "gitignore.nix",
        "rev": "cb5e3fdca1de58ccbc3ef53de65bd372b48f567c",
        "type": "github"
      },
      "original": {
        "owner": "hercules-ci",
        "repo": "gitignore.nix",
        "type": "github"
      }
    },
    "import-tree": {
      "locked": {
        "lastModified": 1763762820,
        "narHash": "sha256-ZvYKbFib3AEwiNMLsejb/CWs/OL/srFQ8AogkebEPF0=",
        "owner": "vic",
        "repo": "import-tree",
        "rev": "3c23749d8013ec6daa1d7255057590e9ca726646",
        "type": "github"
      },
      "original": {
        "owner": "vic",
        "repo": "import-tree",
        "type": "github"
      }
    },
    "nixpkgs": {
      "locked": {
        "lastModified": 1769130009,
        "narHash": "sha256-B0sXibk16cDVR/sLI2Hnp7AcjbP77Tx6McPEh5gnbxs=",
        "owner": "rebmit",
        "repo": "nixpkgs",
        "rev": "4b54930a2e642a6911e515f5c48b7c26977ac48b",
        "type": "github"
      },
      "original": {
        "owner": "rebmit",
        "ref": "nixos-unstable",
        "repo": "nixpkgs",
        "type": "github"
      }
    },
    "nixpkgs-terraform-providers-bin": {
      "inputs": {
        "nixpkgs": [
          "rebmit",
          "nixpkgs"
        ]
      },
      "locked": {
        "lastModified": 1769216653,
        "narHash": "sha256-Oxkhhp83LZ314UbpFqRhEDv1L4HNw56DWYoJNDBZDHs=",
        "owner": "nix-community",
        "repo": "nixpkgs-terraform-providers-bin",
        "rev": "ddc2c62dbecf3d780524a25b686dc4c0305ecbbc",
        "type": "github"
      },
      "original": {
        "owner": "nix-community",
        "repo": "nixpkgs-terraform-providers-bin",
        "type": "github"
      }
    },
    "rebmit": {
      "inputs": {
        "flake-parts": "flake-parts",
        "import-tree": "import-tree",
        "nixpkgs": "nixpkgs"
      },
      "locked": {
        "path": "../..",
        "type": "path"
      },
      "original": {
        "path": "../..",
        "type": "path"
      },
      "parent": []
    },
    "root": {
      "inputs": {
        "devshell": "devshell",
        "flake-compat": "flake-compat",
        "git-hooks-nix": "git-hooks-nix",
        "gitignore-nix": "gitignore-nix",
        "nixpkgs-terraform-providers-bin": "nixpkgs-terraform-providers-bin",
        "rebmit": "rebmit",
        "treefmt-nix": "treefmt-nix"
      }
    },
    "treefmt-nix": {
      "inputs": {
        "nixpkgs": [
          "rebmit",
          "nixpkgs"
        ]
      },
      "locked": {
        "lastModified": 1769353635,
        "narHash": "sha256-J0G1ACrUK29M0THPAsz429eZX07GmR9Bs/b0pB3N0dQ=",
        "owner": "numtide",
        "repo": "treefmt-nix",
        "rev": "f46bb205f239b415309f58166f8df6919fa88377",
        "type": "github"
      },
      "original": {
        "owner": "numtide",
        "repo": "treefmt-nix",
        "type": "github"
      }
    }
  },
  "root": "root",
  "version": 7
}
