{
  "nodes": {
    "flake-parts": {
      "inputs": {
        "nixpkgs-lib": [
          "rebmit",
          "nixpkgs"
        ]
      },
      "locked": {
        "lastModified": 1769996383,
        "narHash": "sha256-AnYjnFWgS49RlqX7LrC4uA+sCCDBj0Ry/WOJ5XWAsa0=",
        "owner": "hercules-ci",
        "repo": "flake-parts",
        "rev": "57928607ea566b5db3ad13af0e57e921e6b12381",
        "type": "github"
      },
      "original": {
        "owner": "hercules-ci",
        "repo": "flake-parts",
        "type": "github"
      }
    },
    "import-tree": {
      "locked": {
        "lastModified": 1763762820,
        "narHash": "sha256-ZvYKbFib3AEwiNMLsejb/CWs/OL/srFQ8AogkebEPF0=",
        "owner": "vic",
        "repo": "import-tree",
        "rev": "3c23749d8013ec6daa1d7255057590e9ca726646",
        "type": "github"
      },
      "original": {
        "owner": "vic",
        "repo": "import-tree",
        "type": "github"
      }
    },
    "nix-index-database": {
      "inputs": {
        "nixpkgs": [
          "rebmit",
          "nixpkgs"
        ]
      },
      "locked": {
        "lastModified": 1770315571,
        "narHash": "sha256-hy0gcAgAcxrnSWKGuNO+Ob0x6jQ2xkR6hoaR0qJBHYs=",
        "owner": "Mic92",
        "repo": "nix-index-database",
        "rev": "2684bb8080a6f2ca5f9d494de5ef875bc1c4ecdb",
        "type": "github"
      },
      "original": {
        "owner": "Mic92",
        "repo": "nix-index-database",
        "type": "github"
      }
    },
    "nixpkgs": {
      "locked": {
        "lastModified": 1770986286,
        "narHash": "sha256-R3HYfh6+llwdjZ03I/bb5iF+K567M0Bb9Qtiyyp/yFI=",
        "owner": "rebmit",
        "repo": "nixpkgs",
        "rev": "fc3857e8a066e0946c2ba773745e23464a3347fc",
        "type": "github"
      },
      "original": {
        "owner": "rebmit",
        "ref": "nixos-unstable",
        "repo": "nixpkgs",
        "type": "github"
      }
    },
    "nixpkgs-terraform-providers-bin": {
      "inputs": {
        "nixpkgs": [
          "rebmit",
          "nixpkgs"
        ]
      },
      "locked": {
        "lastModified": 1770945927,
        "narHash": "sha256-7Y9u+psx8lwKX/qNtz2qR32DdyERF7DoGbu9Yt7vpcc=",
        "owner": "nix-community",
        "repo": "nixpkgs-terraform-providers-bin",
        "rev": "756c964b7012d7077bb0b516893515043ba342bc",
        "type": "github"
      },
      "original": {
        "owner": "nix-community",
        "repo": "nixpkgs-terraform-providers-bin",
        "type": "github"
      }
    },
    "rebmit": {
      "inputs": {
        "flake-parts": "flake-parts",
        "import-tree": "import-tree",
        "nixpkgs": "nixpkgs"
      },
      "locked": {
        "path": "../..",
        "type": "path"
      },
      "original": {
        "path": "../..",
        "type": "path"
      },
      "parent": []
    },
    "root": {
      "inputs": {
        "nix-index-database": "nix-index-database",
        "nixpkgs-terraform-providers-bin": "nixpkgs-terraform-providers-bin",
        "rebmit": "rebmit"
      }
    }
  },
  "root": "root",
  "version": 7
}
